
Microsoft Visual Studio Solution File, Format Version 12.00
# Visual Studio Version 17
VisualStudioVersion = 17.6.33829.357
MinimumVisualStudioVersion = 10.0.40219.1
Project("{9A19103F-16F7-4668-BE54-9A1E7A4F7556}") = "Deneme1111", "Deneme1111.csproj", "{E0A5CB6B-C1D2-4307-A995-8B107983F83E}"
EndProject
Global
	GlobalSection(SolutionConfigurationPlatforms) = preSolution
		Debug|Any CPU = Debug|Any CPU
		Release|Any CPU = Release|Any CPU
	EndGlobalSection
	GlobalSection(ProjectConfigurationPlatforms) = postSolution
		{E0A5CB6B-C1D2-4307-A995-8B107983F83E}.Debug|Any CPU.ActiveCfg = Debug|Any CPU
		{E0A5CB6B-C1D2-4307-A995-8B107983F83E}.Debug|Any CPU.Build.0 = Debug|Any CPU
		{E0A5CB6B-C1D2-4307-A995-8B107983F83E}.Release|Any CPU.ActiveCfg = Release|Any CPU
		{E0A5CB6B-C1D2-4307-A995-8B107983F83E}.Release|Any CPU.Build.0 = Release|Any CPU
	EndGlobalSection
	GlobalSection(SolutionProperties) = preSolution
		HideSolutionNode = FALSE
	EndGlobalSection
	GlobalSection(ExtensibilityGlobals) = postSolution
		SolutionGuid = {913F1118-CA71-4CB8-8261-C7ED920AA3B7}
	EndGlobalSection
EndGlobal
